
Microsoft Visual Studio Solution File, Format Version 12.00
# Visual Studio Version 17
VisualStudioVersion = 17.0.31903.59
MinimumVisualStudioVersion = 10.0.40219.1
Project("{FAE04EC0-301F-11D3-BF4B-00C04F79EFBC}") = "SmoothOperator", "SmoothOperator\SmoothOperator.csproj", "{B333CB65-E90E-4E8A-B5E0-97C329D8DFEB}"
EndProject
Project("{FAE04EC0-301F-11D3-BF4B-00C04F79EFBC}") = "VariousOperators", "VariousOperators\VariousOperators.csproj", "{1A5C3A94-9BB7-4FE6-91FC-7052BD2F6E8C}"
EndProject
Project("{FAE04EC0-301F-11D3-BF4B-00C04F79EFBC}") = "Cilindro", "Cilindro\Cilindro.csproj", "{AD67FB0C-02FE-44DA-8F9E-9ABE3777ABB1}"
EndProject
Project("{FAE04EC0-301F-11D3-BF4B-00C04F79EFBC}") = "ValoresEspeciais", "ValoresEspeciais\ValoresEspeciais.csproj", "{34560E13-F4D8-4B10-A6FC-DDE493BC976D}"
EndProject
Project("{FAE04EC0-301F-11D3-BF4B-00C04F79EFBC}") = "IfExample", "IfExample\IfExample.csproj", "{456F3BBA-B4E7-4FCB-B237-B3CDC468C3E2}"
EndProject
Project("{FAE04EC0-301F-11D3-BF4B-00C04F79EFBC}") = "ChatGPTZero", "ChatGPTZero\ChatGPTZero.csproj", "{328705CE-04AB-4CF9-A8C0-1EB6699F30FA}"
EndProject
Global
	GlobalSection(SolutionConfigurationPlatforms) = preSolution
		Debug|Any CPU = Debug|Any CPU
		Release|Any CPU = Release|Any CPU
	EndGlobalSection
	GlobalSection(SolutionProperties) = preSolution
		HideSolutionNode = FALSE
	EndGlobalSection
	GlobalSection(ProjectConfigurationPlatforms) = postSolution
		{B333CB65-E90E-4E8A-B5E0-97C329D8DFEB}.Debug|Any CPU.ActiveCfg = Debug|Any CPU
		{B333CB65-E90E-4E8A-B5E0-97C329D8DFEB}.Debug|Any CPU.Build.0 = Debug|Any CPU
		{B333CB65-E90E-4E8A-B5E0-97C329D8DFEB}.Release|Any CPU.ActiveCfg = Release|Any CPU
		{B333CB65-E90E-4E8A-B5E0-97C329D8DFEB}.Release|Any CPU.Build.0 = Release|Any CPU
		{1A5C3A94-9BB7-4FE6-91FC-7052BD2F6E8C}.Debug|Any CPU.ActiveCfg = Debug|Any CPU
		{1A5C3A94-9BB7-4FE6-91FC-7052BD2F6E8C}.Debug|Any CPU.Build.0 = Debug|Any CPU
		{1A5C3A94-9BB7-4FE6-91FC-7052BD2F6E8C}.Release|Any CPU.ActiveCfg = Release|Any CPU
		{1A5C3A94-9BB7-4FE6-91FC-7052BD2F6E8C}.Release|Any CPU.Build.0 = Release|Any CPU
		{AD67FB0C-02FE-44DA-8F9E-9ABE3777ABB1}.Debug|Any CPU.ActiveCfg = Debug|Any CPU
		{AD67FB0C-02FE-44DA-8F9E-9ABE3777ABB1}.Debug|Any CPU.Build.0 = Debug|Any CPU
		{AD67FB0C-02FE-44DA-8F9E-9ABE3777ABB1}.Release|Any CPU.ActiveCfg = Release|Any CPU
		{AD67FB0C-02FE-44DA-8F9E-9ABE3777ABB1}.Release|Any CPU.Build.0 = Release|Any CPU
		{34560E13-F4D8-4B10-A6FC-DDE493BC976D}.Debug|Any CPU.ActiveCfg = Debug|Any CPU
		{34560E13-F4D8-4B10-A6FC-DDE493BC976D}.Debug|Any CPU.Build.0 = Debug|Any CPU
		{34560E13-F4D8-4B10-A6FC-DDE493BC976D}.Release|Any CPU.ActiveCfg = Release|Any CPU
		{34560E13-F4D8-4B10-A6FC-DDE493BC976D}.Release|Any CPU.Build.0 = Release|Any CPU
		{456F3BBA-B4E7-4FCB-B237-B3CDC468C3E2}.Debug|Any CPU.ActiveCfg = Debug|Any CPU
		{456F3BBA-B4E7-4FCB-B237-B3CDC468C3E2}.Debug|Any CPU.Build.0 = Debug|Any CPU
		{456F3BBA-B4E7-4FCB-B237-B3CDC468C3E2}.Release|Any CPU.ActiveCfg = Release|Any CPU
		{456F3BBA-B4E7-4FCB-B237-B3CDC468C3E2}.Release|Any CPU.Build.0 = Release|Any CPU
		{328705CE-04AB-4CF9-A8C0-1EB6699F30FA}.Debug|Any CPU.ActiveCfg = Debug|Any CPU
		{328705CE-04AB-4CF9-A8C0-1EB6699F30FA}.Debug|Any CPU.Build.0 = Debug|Any CPU
		{328705CE-04AB-4CF9-A8C0-1EB6699F30FA}.Release|Any CPU.ActiveCfg = Release|Any CPU
		{328705CE-04AB-4CF9-A8C0-1EB6699F30FA}.Release|Any CPU.Build.0 = Release|Any CPU
	EndGlobalSection
EndGlobal
